# This file is autogenerated, do not edit; changes may be undone by the next 'dep ensure'.


[[projects]]
  digest = "1:ffe9824d294da03b391f44e1ae8281281b4afc1bdaa9588c9097785e3af10cec"
  name = "github.com/davecgh/go-spew"
  packages = ["spew"]
  pruneopts = "UT"
  revision = "8991bc29aa16c548c550c7ff78260e27b9ab7c73"
  version = "v1.1.1"

[[projects]]
  branch = "master"
  digest = "1:4a56a109a6185707d4d820f5188404f9cc1bdecb7b4a905d4edfd91d4137ebdc"
  name = "github.com/go-gl/glfw"
  packages = ["v3.2/glfw"]
  pruneopts = "UT"
  revision = "e6da0acd62b1b57ee2799d4d0a76a7d4514dc5bc"

[[projects]]
  branch = "master"
  digest = "1:62c57507df491b657e9ae2645f30958d9964c8eeb380600469eedc951ebb3a0e"
  name = "github.com/golang/freetype"
  packages = [
    "raster",
    "truetype",
  ]
  pruneopts = "UT"
  revision = "e2365dfdc4a05e4b8299a783240d4a7d5a65d4e4"

[[projects]]
  branch = "master"
  digest = "1:f14d1b50e0075fb00177f12a96dd7addf93d1e2883c25befd17285b779549795"
  name = "github.com/gopherjs/gopherjs"
  packages = ["js"]
  pruneopts = "UT"
  revision = "bd77b112433e999447bf4bc599e36214ba494a99"

[[projects]]
  digest = "1:94f6a77a051b8e2c6e8c280ce298dcd1028ed345f2209e630cdc606d59767f97"
  name = "github.com/gopherjs/gopherwasm"
  packages = ["js"]
  pruneopts = "UT"
  revision = "f5a54963d451109f20622db5b6a055569ec6b4c6"
  version = "v1.1.0"

[[projects]]
  digest = "1:766865a45d1960095fb2acffb8b811f3f318d4fb5170ab1d7d23db277759474c"
  name = "github.com/hajimehoshi/ebiten"
  packages = [
    ".",
    "examples/resources/fonts",
    "internal/affine",
    "internal/clock",
    "internal/devicescale",
    "internal/glfw",
    "internal/graphics",
    "internal/graphicscommand",
    "internal/graphicsdriver",
    "internal/graphicsdriver/metal",
    "internal/graphicsdriver/metal/ca",
    "internal/graphicsdriver/metal/mtl",
    "internal/graphicsdriver/metal/ns",
    "internal/graphicsdriver/opengl",
    "internal/graphicsdriver/opengl/gl",
    "internal/hooks",
    "internal/input",
    "internal/mainthread",
    "internal/packing",
    "internal/png",
    "internal/restorable",
    "internal/shareable",
    "internal/ui",
    "internal/web",
    "text",
  ]
  pruneopts = "UT"
  revision = "360931ea2b80aacb956562e543d0e10b485ca377"
  version = "v1.9.1"

[[projects]]
  digest = "1:0028cb19b2e4c3112225cd871870f2d9cf49b9b4276531f03438a88e94be86fe"
  name = "github.com/pmezard/go-difflib"
  packages = ["difflib"]
  pruneopts = "UT"
  revision = "792786c7400a136282c1664665ae0a8db921c6c2"
  version = "v1.0.0"

[[projects]]
  digest = "1:972c2427413d41a1e06ca4897e8528e5a1622894050e2f527b38ddf0f343f759"
  name = "github.com/stretchr/testify"
  packages = ["assert"]
  pruneopts = "UT"
  revision = "ffdc059bfe9ce6a4e144ba849dbedead332c6053"
  version = "v1.3.0"

[[projects]]
  branch = "master"
  digest = "1:2c2b3469f95f39a1367914d6231a472dc28b5cc44a9f63a64c199cc87cd6b48a"
  name = "golang.org/x/exp"
  packages = [
    "shiny/driver/gldriver",
    "shiny/driver/internal/drawer",
    "shiny/driver/internal/errscreen",
    "shiny/driver/internal/event",
    "shiny/driver/internal/lifecycler",
    "shiny/driver/internal/win32",
    "shiny/driver/internal/x11key",
    "shiny/screen",
  ]
  pruneopts = "UT"
  revision = "e40e924fdd3f0ede7d530686d5e96eea17155d89"

[[projects]]
  branch = "master"
  digest = "1:a112a203acae7f9ba1ee2ca00226d57ee0d04b6963930614adf270d5cb04597d"
  name = "golang.org/x/image"
  packages = [
    "font",
    "math/f64",
    "math/fixed",
  ]
  pruneopts = "UT"
  revision = "4e30a6eb7d9a7fbd8f97e1d47806f810d86cfc6e"

[[projects]]
  branch = "master"
  digest = "1:eede0a3b9f8c6b6c0f26dc90933adf9162978d65461ceecebfb9e454164c02e0"
  name = "golang.org/x/mobile"
  packages = [
    "app",
    "app/internal/callfn",
    "event/key",
    "event/lifecycle",
    "event/mouse",
    "event/paint",
    "event/size",
    "event/touch",
    "geom",
    "gl",
    "internal/mobileinit",
  ]
  pruneopts = "UT"
  revision = "3e0bab5405d63a8f5dd9d9764a24c8e5ac4997fa"

[[projects]]
  branch = "master"
  digest = "1:b521f10a2d8fa85c04a8ef4e62f2d1e14d303599a55d64dabf9f5a02f84d35eb"
  name = "golang.org/x/sync"
  packages = ["errgroup"]
  pruneopts = "UT"
  revision = "56d357773e8497dfd526f0727e187720d1093757"

[[projects]]
  branch = "master"
  digest = "1:fb896b1eee1aed3338192928a64d8cb82477ab39ccd132a6078b34865d42ea28"
  name = "golang.org/x/sys"
  packages = ["windows"]
  pruneopts = "UT"
  revision = "12500544f89f9420afe9529ba8940bf72d294972"

[[projects]]
  branch = "master"
  digest = "1:da6c6c4f3f9e545f56ee4cba81b29e0e18357376c392f3ca98af546820f2d9eb"
  name = "golang.org/x/tools"
  packages = ["go/ast/astutil"]
  pruneopts = "UT"
  revision = "a5870b40385977769b3e1d711864fcd2d82bb9fd"

[solve-meta]
  analyzer-name = "dep"
  analyzer-version = 1
  input-imports = [
    "github.com/golang/freetype/truetype",
    "github.com/hajimehoshi/ebiten",
    "github.com/hajimehoshi/ebiten/examples/resources/fonts",
    "github.com/hajimehoshi/ebiten/text",
    "github.com/stretchr/testify/assert",
    "golang.org/x/image/font",
  ]
  solver-name = "gps-cdcl"
  solver-version = 1
